
Microsoft Visual Studio Solution File, Format Version 12.00
# Visual Studio Version 17
VisualStudioVersion = 17.10.35027.167
MinimumVisualStudioVersion = 10.0.40219.1
Project("{9A19103F-16F7-4668-BE54-9A1E7A4F7556}") = "Entities", "Entities\Entities.csproj", "{8D9B11DE-DF3A-4583-BFCD-95FBDD2F7317}"
EndProject
Project("{9A19103F-16F7-4668-BE54-9A1E7A4F7556}") = "DataAccess", "DataAccess\DataAccess.csproj", "{4AF0825C-7DCD-4931-A81F-B3FE26F74C48}"
EndProject
Project("{9A19103F-16F7-4668-BE54-9A1E7A4F7556}") = "WebUI", "WebUI\WebUI.csproj", "{28DB5138-56DF-42E0-B08C-D0A61F76FCCE}"
EndProject
Project("{FAE04EC0-301F-11D3-BF4B-00C04F79EFBC}") = "WebPage", "WebPage\WebPage.csproj", "{DFB1D0AE-75EB-4B4B-BBE0-DD0496C9BDB3}"
EndProject
Global
	GlobalSection(SolutionConfigurationPlatforms) = preSolution
		Debug|Any CPU = Debug|Any CPU
		Release|Any CPU = Release|Any CPU
	EndGlobalSection
	GlobalSection(ProjectConfigurationPlatforms) = postSolution
		{8D9B11DE-DF3A-4583-BFCD-95FBDD2F7317}.Debug|Any CPU.ActiveCfg = Debug|Any CPU
		{8D9B11DE-DF3A-4583-BFCD-95FBDD2F7317}.Debug|Any CPU.Build.0 = Debug|Any CPU
		{8D9B11DE-DF3A-4583-BFCD-95FBDD2F7317}.Release|Any CPU.ActiveCfg = Release|Any CPU
		{8D9B11DE-DF3A-4583-BFCD-95FBDD2F7317}.Release|Any CPU.Build.0 = Release|Any CPU
		{4AF0825C-7DCD-4931-A81F-B3FE26F74C48}.Debug|Any CPU.ActiveCfg = Debug|Any CPU
		{4AF0825C-7DCD-4931-A81F-B3FE26F74C48}.Debug|Any CPU.Build.0 = Debug|Any CPU
		{4AF0825C-7DCD-4931-A81F-B3FE26F74C48}.Release|Any CPU.ActiveCfg = Release|Any CPU
		{4AF0825C-7DCD-4931-A81F-B3FE26F74C48}.Release|Any CPU.Build.0 = Release|Any CPU
		{28DB5138-56DF-42E0-B08C-D0A61F76FCCE}.Debug|Any CPU.ActiveCfg = Debug|Any CPU
		{28DB5138-56DF-42E0-B08C-D0A61F76FCCE}.Debug|Any CPU.Build.0 = Debug|Any CPU
		{28DB5138-56DF-42E0-B08C-D0A61F76FCCE}.Release|Any CPU.ActiveCfg = Release|Any CPU
		{28DB5138-56DF-42E0-B08C-D0A61F76FCCE}.Release|Any CPU.Build.0 = Release|Any CPU
		{DFB1D0AE-75EB-4B4B-BBE0-DD0496C9BDB3}.Debug|Any CPU.ActiveCfg = Debug|Any CPU
		{DFB1D0AE-75EB-4B4B-BBE0-DD0496C9BDB3}.Debug|Any CPU.Build.0 = Debug|Any CPU
		{DFB1D0AE-75EB-4B4B-BBE0-DD0496C9BDB3}.Release|Any CPU.ActiveCfg = Release|Any CPU
		{DFB1D0AE-75EB-4B4B-BBE0-DD0496C9BDB3}.Release|Any CPU.Build.0 = Release|Any CPU
	EndGlobalSection
	GlobalSection(SolutionProperties) = preSolution
		HideSolutionNode = FALSE
	EndGlobalSection
	GlobalSection(ExtensibilityGlobals) = postSolution
		SolutionGuid = {F7F56108-D831-485D-A0F5-C5773D0B0A99}
	EndGlobalSection
EndGlobal
